# generated by rye
# use `rye lock` or `rye sync` to update this lockfile
#
# last locked with the following flags:
#   pre: false
#   features: []
#   all-features: false
#   with-sources: false
#   generate-hashes: false
#   universal: false

-e file:.
black==25.1.0
    # via t2v-sign-language
click==8.1.8
    # via black
    # via mkdocs
flake8==7.1.1
    # via t2v-sign-language
ghp-import==2.1.0
    # via mkdocs
isort==6.0.0
    # via t2v-sign-language
jinja2==3.1.5
    # via mkdocs
markdown==3.7
    # via mkdocs
markupsafe==3.0.2
    # via jinja2
    # via mkdocs
mccabe==0.7.0
    # via flake8
mergedeep==1.3.4
    # via mkdocs
    # via mkdocs-get-deps
mkdocs==1.6.1
    # via t2v-sign-language
mkdocs-get-deps==0.2.0
    # via mkdocs
mypy-extensions==1.0.0
    # via black
packaging==24.2
    # via black
    # via mkdocs
pathspec==0.12.1
    # via black
    # via mkdocs
platformdirs==4.3.6
    # via black
    # via mkdocs-get-deps
pycodestyle==2.12.1
    # via flake8
pyflakes==3.2.0
    # via flake8
python-dateutil==2.9.0.post0
    # via ghp-import
python-dotenv==1.0.1
    # via t2v-sign-language
pyyaml==6.0.2
    # via mkdocs
    # via mkdocs-get-deps
    # via pyyaml-env-tag
pyyaml-env-tag==0.1
    # via mkdocs
six==1.17.0
    # via python-dateutil
watchdog==6.0.0
    # via mkdocs
